
Microsoft Visual Studio Solution File, Format Version 12.00
# Visual Studio Version 17
VisualStudioVersion = 17.6.33815.320
MinimumVisualStudioVersion = 10.0.40219.1
Project("{9A19103F-16F7-4668-BE54-9A1E7A4F7556}") = "Facade", "Facade\Facade.csproj", "{761D55F7-87D2-4CBD-A680-F37A391868F9}"
EndProject
Project("{9A19103F-16F7-4668-BE54-9A1E7A4F7556}") = "Builder", "Builder\Builder.csproj", "{9CA32088-1031-47F2-8F8C-8AA70C273D77}"
EndProject
Project("{FAE04EC0-301F-11D3-BF4B-00C04F79EFBC}") = "AbstractFactory", "AbstractFactory\AbstractFactory.csproj", "{AB88062D-4F25-4ABF-80F3-2C1FCF7F76C3}"
EndProject
Global
	GlobalSection(SolutionConfigurationPlatforms) = preSolution
		Debug|Any CPU = Debug|Any CPU
		Release|Any CPU = Release|Any CPU
	EndGlobalSection
	GlobalSection(ProjectConfigurationPlatforms) = postSolution
		{761D55F7-87D2-4CBD-A680-F37A391868F9}.Debug|Any CPU.ActiveCfg = Debug|Any CPU
		{761D55F7-87D2-4CBD-A680-F37A391868F9}.Debug|Any CPU.Build.0 = Debug|Any CPU
		{761D55F7-87D2-4CBD-A680-F37A391868F9}.Release|Any CPU.ActiveCfg = Release|Any CPU
		{761D55F7-87D2-4CBD-A680-F37A391868F9}.Release|Any CPU.Build.0 = Release|Any CPU
		{9CA32088-1031-47F2-8F8C-8AA70C273D77}.Debug|Any CPU.ActiveCfg = Debug|Any CPU
		{9CA32088-1031-47F2-8F8C-8AA70C273D77}.Debug|Any CPU.Build.0 = Debug|Any CPU
		{9CA32088-1031-47F2-8F8C-8AA70C273D77}.Release|Any CPU.ActiveCfg = Release|Any CPU
		{9CA32088-1031-47F2-8F8C-8AA70C273D77}.Release|Any CPU.Build.0 = Release|Any CPU
		{AB88062D-4F25-4ABF-80F3-2C1FCF7F76C3}.Debug|Any CPU.ActiveCfg = Debug|Any CPU
		{AB88062D-4F25-4ABF-80F3-2C1FCF7F76C3}.Debug|Any CPU.Build.0 = Debug|Any CPU
		{AB88062D-4F25-4ABF-80F3-2C1FCF7F76C3}.Release|Any CPU.ActiveCfg = Release|Any CPU
		{AB88062D-4F25-4ABF-80F3-2C1FCF7F76C3}.Release|Any CPU.Build.0 = Release|Any CPU
	EndGlobalSection
	GlobalSection(SolutionProperties) = preSolution
		HideSolutionNode = FALSE
	EndGlobalSection
	GlobalSection(ExtensibilityGlobals) = postSolution
		SolutionGuid = {297C1260-0F3A-44F7-9182-217268726DCD}
	EndGlobalSection
EndGlobal
