
Microsoft Visual Studio Solution File, Format Version 12.00
# Visual Studio Version 17
VisualStudioVersion = 17.6.33815.320
MinimumVisualStudioVersion = 10.0.40219.1
Project("{9A19103F-16F7-4668-BE54-9A1E7A4F7556}") = "Facade", "Facade\Facade.csproj", "{761D55F7-87D2-4CBD-A680-F37A391868F9}"
EndProject
Project("{9A19103F-16F7-4668-BE54-9A1E7A4F7556}") = "Builder", "Builder\Builder.csproj", "{9CA32088-1031-47F2-8F8C-8AA70C273D77}"
EndProject
Project("{9A19103F-16F7-4668-BE54-9A1E7A4F7556}") = "AbstractFactory", "AbstractFactory\AbstractFactory.csproj", "{AB88062D-4F25-4ABF-80F3-2C1FCF7F76C3}"
EndProject
Project("{9A19103F-16F7-4668-BE54-9A1E7A4F7556}") = "Strategy", "Strategy\Strategy.csproj", "{EDF19451-8003-47ED-92D4-46FF3B866128}"
EndProject
Project("{9A19103F-16F7-4668-BE54-9A1E7A4F7556}") = "Composite", "Composite\Composite.csproj", "{7E3A9A8E-709F-4840-9D3F-530BB2CD8DA4}"
EndProject
Project("{9A19103F-16F7-4668-BE54-9A1E7A4F7556}") = "Decorator", "Decorator\Decorator.csproj", "{C8F04D25-7948-411E-AA4F-3126E0AFA798}"
EndProject
Project("{9A19103F-16F7-4668-BE54-9A1E7A4F7556}") = "Proxy", "Proxy\Proxy.csproj", "{C9993913-4AD3-4D8F-85F9-5F18F35E8D05}"
EndProject
Project("{9A19103F-16F7-4668-BE54-9A1E7A4F7556}") = "Command", "Command\Command.csproj", "{AF29D4B3-6075-434B-A006-CB5B0D2B5D6E}"
EndProject
Project("{9A19103F-16F7-4668-BE54-9A1E7A4F7556}") = "Mediator", "Mediator\Mediator.csproj", "{EC88ACA9-B8F7-459C-B953-71C39BF06230}"
EndProject
Project("{FAE04EC0-301F-11D3-BF4B-00C04F79EFBC}") = "Memento", "Memento\Memento.csproj", "{1B215D46-4593-4E4E-B6DC-DBB874F0E453}"
EndProject
Global
	GlobalSection(SolutionConfigurationPlatforms) = preSolution
		Debug|Any CPU = Debug|Any CPU
		Release|Any CPU = Release|Any CPU
	EndGlobalSection
	GlobalSection(ProjectConfigurationPlatforms) = postSolution
		{761D55F7-87D2-4CBD-A680-F37A391868F9}.Debug|Any CPU.ActiveCfg = Debug|Any CPU
		{761D55F7-87D2-4CBD-A680-F37A391868F9}.Debug|Any CPU.Build.0 = Debug|Any CPU
		{761D55F7-87D2-4CBD-A680-F37A391868F9}.Release|Any CPU.ActiveCfg = Release|Any CPU
		{761D55F7-87D2-4CBD-A680-F37A391868F9}.Release|Any CPU.Build.0 = Release|Any CPU
		{9CA32088-1031-47F2-8F8C-8AA70C273D77}.Debug|Any CPU.ActiveCfg = Debug|Any CPU
		{9CA32088-1031-47F2-8F8C-8AA70C273D77}.Debug|Any CPU.Build.0 = Debug|Any CPU
		{9CA32088-1031-47F2-8F8C-8AA70C273D77}.Release|Any CPU.ActiveCfg = Release|Any CPU
		{9CA32088-1031-47F2-8F8C-8AA70C273D77}.Release|Any CPU.Build.0 = Release|Any CPU
		{AB88062D-4F25-4ABF-80F3-2C1FCF7F76C3}.Debug|Any CPU.ActiveCfg = Debug|Any CPU
		{AB88062D-4F25-4ABF-80F3-2C1FCF7F76C3}.Debug|Any CPU.Build.0 = Debug|Any CPU
		{AB88062D-4F25-4ABF-80F3-2C1FCF7F76C3}.Release|Any CPU.ActiveCfg = Release|Any CPU
		{AB88062D-4F25-4ABF-80F3-2C1FCF7F76C3}.Release|Any CPU.Build.0 = Release|Any CPU
		{EDF19451-8003-47ED-92D4-46FF3B866128}.Debug|Any CPU.ActiveCfg = Debug|Any CPU
		{EDF19451-8003-47ED-92D4-46FF3B866128}.Debug|Any CPU.Build.0 = Debug|Any CPU
		{EDF19451-8003-47ED-92D4-46FF3B866128}.Release|Any CPU.ActiveCfg = Release|Any CPU
		{EDF19451-8003-47ED-92D4-46FF3B866128}.Release|Any CPU.Build.0 = Release|Any CPU
		{7E3A9A8E-709F-4840-9D3F-530BB2CD8DA4}.Debug|Any CPU.ActiveCfg = Debug|Any CPU
		{7E3A9A8E-709F-4840-9D3F-530BB2CD8DA4}.Debug|Any CPU.Build.0 = Debug|Any CPU
		{7E3A9A8E-709F-4840-9D3F-530BB2CD8DA4}.Release|Any CPU.ActiveCfg = Release|Any CPU
		{7E3A9A8E-709F-4840-9D3F-530BB2CD8DA4}.Release|Any CPU.Build.0 = Release|Any CPU
		{C8F04D25-7948-411E-AA4F-3126E0AFA798}.Debug|Any CPU.ActiveCfg = Debug|Any CPU
		{C8F04D25-7948-411E-AA4F-3126E0AFA798}.Debug|Any CPU.Build.0 = Debug|Any CPU
		{C8F04D25-7948-411E-AA4F-3126E0AFA798}.Release|Any CPU.ActiveCfg = Release|Any CPU
		{C8F04D25-7948-411E-AA4F-3126E0AFA798}.Release|Any CPU.Build.0 = Release|Any CPU
		{C9993913-4AD3-4D8F-85F9-5F18F35E8D05}.Debug|Any CPU.ActiveCfg = Debug|Any CPU
		{C9993913-4AD3-4D8F-85F9-5F18F35E8D05}.Debug|Any CPU.Build.0 = Debug|Any CPU
		{C9993913-4AD3-4D8F-85F9-5F18F35E8D05}.Release|Any CPU.ActiveCfg = Release|Any CPU
		{C9993913-4AD3-4D8F-85F9-5F18F35E8D05}.Release|Any CPU.Build.0 = Release|Any CPU
		{AF29D4B3-6075-434B-A006-CB5B0D2B5D6E}.Debug|Any CPU.ActiveCfg = Debug|Any CPU
		{AF29D4B3-6075-434B-A006-CB5B0D2B5D6E}.Debug|Any CPU.Build.0 = Debug|Any CPU
		{AF29D4B3-6075-434B-A006-CB5B0D2B5D6E}.Release|Any CPU.ActiveCfg = Release|Any CPU
		{AF29D4B3-6075-434B-A006-CB5B0D2B5D6E}.Release|Any CPU.Build.0 = Release|Any CPU
		{EC88ACA9-B8F7-459C-B953-71C39BF06230}.Debug|Any CPU.ActiveCfg = Debug|Any CPU
		{EC88ACA9-B8F7-459C-B953-71C39BF06230}.Debug|Any CPU.Build.0 = Debug|Any CPU
		{EC88ACA9-B8F7-459C-B953-71C39BF06230}.Release|Any CPU.ActiveCfg = Release|Any CPU
		{EC88ACA9-B8F7-459C-B953-71C39BF06230}.Release|Any CPU.Build.0 = Release|Any CPU
		{1B215D46-4593-4E4E-B6DC-DBB874F0E453}.Debug|Any CPU.ActiveCfg = Debug|Any CPU
		{1B215D46-4593-4E4E-B6DC-DBB874F0E453}.Debug|Any CPU.Build.0 = Debug|Any CPU
		{1B215D46-4593-4E4E-B6DC-DBB874F0E453}.Release|Any CPU.ActiveCfg = Release|Any CPU
		{1B215D46-4593-4E4E-B6DC-DBB874F0E453}.Release|Any CPU.Build.0 = Release|Any CPU
	EndGlobalSection
	GlobalSection(SolutionProperties) = preSolution
		HideSolutionNode = FALSE
	EndGlobalSection
	GlobalSection(ExtensibilityGlobals) = postSolution
		SolutionGuid = {297C1260-0F3A-44F7-9182-217268726DCD}
	EndGlobalSection
EndGlobal
